
Microsoft Visual Studio Solution File, Format Version 12.00
# Visual Studio Version 16
VisualStudioVersion = 16.0.29613.14
MinimumVisualStudioVersion = 10.0.40219.1
Project("{FAE04EC0-301F-11D3-BF4B-00C04F79EFBC}") = "beestje_eindopdracht", "beestje_eindopdracht\beestje_eindopdracht.csproj", "{AD1E01D9-D914-4841-B0C1-D033A90E2F9B}"
EndProject
Project("{FAE04EC0-301F-11D3-BF4B-00C04F79EFBC}") = "beestje_eindopdracht.Tests", "beestje_eindopdracht.Tests\beestje_eindopdracht.Tests.csproj", "{44E61674-BD2C-4AF2-89F6-C684A86B9A23}"
EndProject
Project("{00D1A9C2-B5F0-4AF3-8072-F6C62B433612}") = "beestje_eindopdracht.Database", "beestje_eindopdracht.Database\beestje_eindopdracht.Database.sqlproj", "{E68ACAD8-67CD-49F0-86E1-FD1AB60F8E37}"
EndProject
Project("{FAE04EC0-301F-11D3-BF4B-00C04F79EFBC}") = "beestje_eindopdracht.Model", "beestje_eindopdracht.Model\beestje_eindopdracht.Model.csproj", "{8E778595-0A92-4DA1-8A09-DEE5AE28AE18}"
EndProject
Global
	GlobalSection(SolutionConfigurationPlatforms) = preSolution
		Debug|Any CPU = Debug|Any CPU
		Release|Any CPU = Release|Any CPU
	EndGlobalSection
	GlobalSection(ProjectConfigurationPlatforms) = postSolution
		{AD1E01D9-D914-4841-B0C1-D033A90E2F9B}.Debug|Any CPU.ActiveCfg = Debug|Any CPU
		{AD1E01D9-D914-4841-B0C1-D033A90E2F9B}.Debug|Any CPU.Build.0 = Debug|Any CPU
		{AD1E01D9-D914-4841-B0C1-D033A90E2F9B}.Release|Any CPU.ActiveCfg = Release|Any CPU
		{AD1E01D9-D914-4841-B0C1-D033A90E2F9B}.Release|Any CPU.Build.0 = Release|Any CPU
		{44E61674-BD2C-4AF2-89F6-C684A86B9A23}.Debug|Any CPU.ActiveCfg = Debug|Any CPU
		{44E61674-BD2C-4AF2-89F6-C684A86B9A23}.Debug|Any CPU.Build.0 = Debug|Any CPU
		{44E61674-BD2C-4AF2-89F6-C684A86B9A23}.Release|Any CPU.ActiveCfg = Release|Any CPU
		{44E61674-BD2C-4AF2-89F6-C684A86B9A23}.Release|Any CPU.Build.0 = Release|Any CPU
		{E68ACAD8-67CD-49F0-86E1-FD1AB60F8E37}.Debug|Any CPU.ActiveCfg = Debug|Any CPU
		{E68ACAD8-67CD-49F0-86E1-FD1AB60F8E37}.Debug|Any CPU.Build.0 = Debug|Any CPU
		{E68ACAD8-67CD-49F0-86E1-FD1AB60F8E37}.Debug|Any CPU.Deploy.0 = Debug|Any CPU
		{E68ACAD8-67CD-49F0-86E1-FD1AB60F8E37}.Release|Any CPU.ActiveCfg = Release|Any CPU
		{E68ACAD8-67CD-49F0-86E1-FD1AB60F8E37}.Release|Any CPU.Build.0 = Release|Any CPU
		{E68ACAD8-67CD-49F0-86E1-FD1AB60F8E37}.Release|Any CPU.Deploy.0 = Release|Any CPU
		{8E778595-0A92-4DA1-8A09-DEE5AE28AE18}.Debug|Any CPU.ActiveCfg = Debug|Any CPU
		{8E778595-0A92-4DA1-8A09-DEE5AE28AE18}.Debug|Any CPU.Build.0 = Debug|Any CPU
		{8E778595-0A92-4DA1-8A09-DEE5AE28AE18}.Release|Any CPU.ActiveCfg = Release|Any CPU
		{8E778595-0A92-4DA1-8A09-DEE5AE28AE18}.Release|Any CPU.Build.0 = Release|Any CPU
	EndGlobalSection
	GlobalSection(SolutionProperties) = preSolution
		HideSolutionNode = FALSE
	EndGlobalSection
	GlobalSection(ExtensibilityGlobals) = postSolution
		SolutionGuid = {5B3D3B16-4D28-476C-923E-B4866C798083}
	EndGlobalSection
EndGlobal
